
Microsoft Visual Studio Solution File, Format Version 12.00
# Visual Studio 14
VisualStudioVersion = 14.0.25420.1
MinimumVisualStudioVersion = 10.0.40219.1
Project("{FAE04EC0-301F-11D3-BF4B-00C04F79EFBC}") = "ImageService", "ImageService\ImageService.csproj", "{F2161155-C196-48CE-8000-67A230AA5130}"
EndProject
Project("{FAE04EC0-301F-11D3-BF4B-00C04F79EFBC}") = "ImageServiceGUI", "ImageServiceGUI\ImageServiceGUI.csproj", "{F9366038-57B9-443C-AE7C-740B14E2E879}"
EndProject
Project("{2150E333-8FDC-42A3-9474-1A3956D46DE8}") = "NewFolder1", "NewFolder1", "{7BF2AEB8-CCC3-495D-A4FE-F739566AF357}"
	ProjectSection(SolutionItems) = preProject
		TextFile1.txt = TextFile1.txt
	EndProjectSection
EndProject
Global
	GlobalSection(SolutionConfigurationPlatforms) = preSolution
		Debug|Any CPU = Debug|Any CPU
		Release|Any CPU = Release|Any CPU
	EndGlobalSection
	GlobalSection(ProjectConfigurationPlatforms) = postSolution
		{F2161155-C196-48CE-8000-67A230AA5130}.Debug|Any CPU.ActiveCfg = Debug|Any CPU
		{F2161155-C196-48CE-8000-67A230AA5130}.Debug|Any CPU.Build.0 = Debug|Any CPU
		{F2161155-C196-48CE-8000-67A230AA5130}.Release|Any CPU.ActiveCfg = Release|Any CPU
		{F2161155-C196-48CE-8000-67A230AA5130}.Release|Any CPU.Build.0 = Release|Any CPU
		{F9366038-57B9-443C-AE7C-740B14E2E879}.Debug|Any CPU.ActiveCfg = Debug|Any CPU
		{F9366038-57B9-443C-AE7C-740B14E2E879}.Debug|Any CPU.Build.0 = Debug|Any CPU
		{F9366038-57B9-443C-AE7C-740B14E2E879}.Release|Any CPU.ActiveCfg = Release|Any CPU
		{F9366038-57B9-443C-AE7C-740B14E2E879}.Release|Any CPU.Build.0 = Release|Any CPU
	EndGlobalSection
	GlobalSection(SolutionProperties) = preSolution
		HideSolutionNode = FALSE
	EndGlobalSection
EndGlobal
